
Microsoft Visual Studio Solution File, Format Version 12.00
# Visual Studio Version 16
VisualStudioVersion = 16.0.29709.97
MinimumVisualStudioVersion = 10.0.40219.1
Project("{8BC9CEB8-8B4A-11D0-8D11-00A0C91BC942}") = "Hw1", "Hw1.vcxproj", "{F4E7BAAD-9E00-4B0A-AB03-C965BA74072C}"
EndProject
Global
	GlobalSection(SolutionConfigurationPlatforms) = preSolution
		Debug|x64 = Debug|x64
		Debug|x86 = Debug|x86
		Release|x64 = Release|x64
		Release|x86 = Release|x86
	EndGlobalSection
	GlobalSection(ProjectConfigurationPlatforms) = postSolution
		{F4E7BAAD-9E00-4B0A-AB03-C965BA74072C}.Debug|x64.ActiveCfg = Debug|x64
		{F4E7BAAD-9E00-4B0A-AB03-C965BA74072C}.Debug|x64.Build.0 = Debug|x64
		{F4E7BAAD-9E00-4B0A-AB03-C965BA74072C}.Debug|x86.ActiveCfg = Debug|Win32
		{F4E7BAAD-9E00-4B0A-AB03-C965BA74072C}.Debug|x86.Build.0 = Debug|Win32
		{F4E7BAAD-9E00-4B0A-AB03-C965BA74072C}.Release|x64.ActiveCfg = Release|x64
		{F4E7BAAD-9E00-4B0A-AB03-C965BA74072C}.Release|x64.Build.0 = Release|x64
		{F4E7BAAD-9E00-4B0A-AB03-C965BA74072C}.Release|x86.ActiveCfg = Release|Win32
		{F4E7BAAD-9E00-4B0A-AB03-C965BA74072C}.Release|x86.Build.0 = Release|Win32
	EndGlobalSection
	GlobalSection(SolutionProperties) = preSolution
		HideSolutionNode = FALSE
	EndGlobalSection
	GlobalSection(ExtensibilityGlobals) = postSolution
		SolutionGuid = {6EA46D29-398A-4D5A-AD17-701ED73E0A89}
	EndGlobalSection
EndGlobal
